
Microsoft Visual Studio Solution File, Format Version 12.00
# Visual Studio Version 17
VisualStudioVersion = 17.2.32616.157
MinimumVisualStudioVersion = 10.0.40219.1
Project("{54A90642-561A-4BB1-A94E-469ADEE60C69}") = "GameWatch.Frontend", "GameWatch.Frontend\GameWatch.Frontend.esproj", "{FCE1808B-15D0-49D8-A8FC-FCC22E2990BF}"
EndProject
Project("{9A19103F-16F7-4668-BE54-9A1E7A4F7556}") = "GameWatch.Backend", "GameWatch.Backend\GameWatch.Backend.csproj", "{4475DFA0-B9F3-431E-AFF7-9871F601A1FD}"
EndProject
Project("{9A19103F-16F7-4668-BE54-9A1E7A4F7556}") = "GameWatch.DataAccess", "GameWatch.DataAccess\GameWatch.DataAccess.csproj", "{E0797A14-253B-4A82-B8E0-F6BFAE9CFEE4}"
EndProject
Project("{9A19103F-16F7-4668-BE54-9A1E7A4F7556}") = "GameWatch.Domain", "GameWatch.Domain\GameWatch.Domain.csproj", "{99F1EC91-A718-4A86-BC43-9AD273C614D4}"
EndProject
Project("{9A19103F-16F7-4668-BE54-9A1E7A4F7556}") = "GameWatch.Tests", "GameWatch.Tests\GameWatch.Tests.csproj", "{804F5653-8702-4A66-8AE7-8A63975DF4CB}"
EndProject
Project("{9A19103F-16F7-4668-BE54-9A1E7A4F7556}") = "GameWatch.Infrastructure.Common", "GameWatch.Infrastructure.Common\GameWatch.Infrastructure.Common.csproj", "{D6CA9406-08A5-4463-88A4-D5D3F2815F2A}"
EndProject
Project("{9A19103F-16F7-4668-BE54-9A1E7A4F7556}") = "GameWatch.UseCases", "GameWatch.UseCases\GameWatch.UseCases.csproj", "{45CC74B1-7671-4E78-B61E-A64AB3F34415}"
EndProject
Project("{FAE04EC0-301F-11D3-BF4B-00C04F79EFBC}") = "GameWatch.Infrastructure", "GameWatch.Infrastructure\GameWatch.Infrastructure.csproj", "{25C25A93-3336-4259-B9F8-E85D1C54E7BB}"
EndProject
Project("{FAE04EC0-301F-11D3-BF4B-00C04F79EFBC}") = "GameWatch.Infrastructure.Abstractions", "GameWatch.Infrastructure.Abstractions\GameWatch.Infrastructure.Abstractions.csproj", "{E485FD5C-8B25-4F8C-B569-019139968E60}"
EndProject
Global
	GlobalSection(SolutionConfigurationPlatforms) = preSolution
		Debug|Any CPU = Debug|Any CPU
		Release|Any CPU = Release|Any CPU
	EndGlobalSection
	GlobalSection(ProjectConfigurationPlatforms) = postSolution
		{FCE1808B-15D0-49D8-A8FC-FCC22E2990BF}.Debug|Any CPU.ActiveCfg = Debug|Any CPU
		{FCE1808B-15D0-49D8-A8FC-FCC22E2990BF}.Debug|Any CPU.Build.0 = Debug|Any CPU
		{FCE1808B-15D0-49D8-A8FC-FCC22E2990BF}.Debug|Any CPU.Deploy.0 = Debug|Any CPU
		{FCE1808B-15D0-49D8-A8FC-FCC22E2990BF}.Release|Any CPU.ActiveCfg = Release|Any CPU
		{FCE1808B-15D0-49D8-A8FC-FCC22E2990BF}.Release|Any CPU.Build.0 = Release|Any CPU
		{FCE1808B-15D0-49D8-A8FC-FCC22E2990BF}.Release|Any CPU.Deploy.0 = Release|Any CPU
		{4475DFA0-B9F3-431E-AFF7-9871F601A1FD}.Debug|Any CPU.ActiveCfg = Debug|Any CPU
		{4475DFA0-B9F3-431E-AFF7-9871F601A1FD}.Debug|Any CPU.Build.0 = Debug|Any CPU
		{4475DFA0-B9F3-431E-AFF7-9871F601A1FD}.Release|Any CPU.ActiveCfg = Release|Any CPU
		{4475DFA0-B9F3-431E-AFF7-9871F601A1FD}.Release|Any CPU.Build.0 = Release|Any CPU
		{E0797A14-253B-4A82-B8E0-F6BFAE9CFEE4}.Debug|Any CPU.ActiveCfg = Debug|Any CPU
		{E0797A14-253B-4A82-B8E0-F6BFAE9CFEE4}.Debug|Any CPU.Build.0 = Debug|Any CPU
		{E0797A14-253B-4A82-B8E0-F6BFAE9CFEE4}.Release|Any CPU.ActiveCfg = Release|Any CPU
		{E0797A14-253B-4A82-B8E0-F6BFAE9CFEE4}.Release|Any CPU.Build.0 = Release|Any CPU
		{99F1EC91-A718-4A86-BC43-9AD273C614D4}.Debug|Any CPU.ActiveCfg = Debug|Any CPU
		{99F1EC91-A718-4A86-BC43-9AD273C614D4}.Debug|Any CPU.Build.0 = Debug|Any CPU
		{99F1EC91-A718-4A86-BC43-9AD273C614D4}.Release|Any CPU.ActiveCfg = Release|Any CPU
		{99F1EC91-A718-4A86-BC43-9AD273C614D4}.Release|Any CPU.Build.0 = Release|Any CPU
		{804F5653-8702-4A66-8AE7-8A63975DF4CB}.Debug|Any CPU.ActiveCfg = Debug|Any CPU
		{804F5653-8702-4A66-8AE7-8A63975DF4CB}.Debug|Any CPU.Build.0 = Debug|Any CPU
		{804F5653-8702-4A66-8AE7-8A63975DF4CB}.Release|Any CPU.ActiveCfg = Release|Any CPU
		{804F5653-8702-4A66-8AE7-8A63975DF4CB}.Release|Any CPU.Build.0 = Release|Any CPU
		{D6CA9406-08A5-4463-88A4-D5D3F2815F2A}.Debug|Any CPU.ActiveCfg = Debug|Any CPU
		{D6CA9406-08A5-4463-88A4-D5D3F2815F2A}.Debug|Any CPU.Build.0 = Debug|Any CPU
		{D6CA9406-08A5-4463-88A4-D5D3F2815F2A}.Release|Any CPU.ActiveCfg = Release|Any CPU
		{D6CA9406-08A5-4463-88A4-D5D3F2815F2A}.Release|Any CPU.Build.0 = Release|Any CPU
		{45CC74B1-7671-4E78-B61E-A64AB3F34415}.Debug|Any CPU.ActiveCfg = Debug|Any CPU
		{45CC74B1-7671-4E78-B61E-A64AB3F34415}.Debug|Any CPU.Build.0 = Debug|Any CPU
		{45CC74B1-7671-4E78-B61E-A64AB3F34415}.Release|Any CPU.ActiveCfg = Release|Any CPU
		{45CC74B1-7671-4E78-B61E-A64AB3F34415}.Release|Any CPU.Build.0 = Release|Any CPU
		{25C25A93-3336-4259-B9F8-E85D1C54E7BB}.Debug|Any CPU.ActiveCfg = Debug|Any CPU
		{25C25A93-3336-4259-B9F8-E85D1C54E7BB}.Debug|Any CPU.Build.0 = Debug|Any CPU
		{25C25A93-3336-4259-B9F8-E85D1C54E7BB}.Release|Any CPU.ActiveCfg = Release|Any CPU
		{25C25A93-3336-4259-B9F8-E85D1C54E7BB}.Release|Any CPU.Build.0 = Release|Any CPU
		{E485FD5C-8B25-4F8C-B569-019139968E60}.Debug|Any CPU.ActiveCfg = Debug|Any CPU
		{E485FD5C-8B25-4F8C-B569-019139968E60}.Debug|Any CPU.Build.0 = Debug|Any CPU
		{E485FD5C-8B25-4F8C-B569-019139968E60}.Release|Any CPU.ActiveCfg = Release|Any CPU
		{E485FD5C-8B25-4F8C-B569-019139968E60}.Release|Any CPU.Build.0 = Release|Any CPU
	EndGlobalSection
	GlobalSection(SolutionProperties) = preSolution
		HideSolutionNode = FALSE
	EndGlobalSection
	GlobalSection(ExtensibilityGlobals) = postSolution
		SolutionGuid = {EAB02C79-3DA5-44F6-A409-9E26FC56041D}
	EndGlobalSection
EndGlobal
